
Microsoft Visual Studio Solution File, Format Version 12.00
# Visual Studio 15
VisualStudioVersion = 15.0.27004.2009
MinimumVisualStudioVersion = 10.0.40219.1
Project("{FAE04EC0-301F-11D3-BF4B-00C04F79EFBC}") = "lab6", "lab6\lab6.csproj", "{E3C9813A-5A98-410C-97C3-A2F6564277B0}"
EndProject
Global
	GlobalSection(SolutionConfigurationPlatforms) = preSolution
		Debug|Any CPU = Debug|Any CPU
		Release|Any CPU = Release|Any CPU
	EndGlobalSection
	GlobalSection(ProjectConfigurationPlatforms) = postSolution
		{E3C9813A-5A98-410C-97C3-A2F6564277B0}.Debug|Any CPU.ActiveCfg = Debug|Any CPU
		{E3C9813A-5A98-410C-97C3-A2F6564277B0}.Debug|Any CPU.Build.0 = Debug|Any CPU
		{E3C9813A-5A98-410C-97C3-A2F6564277B0}.Release|Any CPU.ActiveCfg = Release|Any CPU
		{E3C9813A-5A98-410C-97C3-A2F6564277B0}.Release|Any CPU.Build.0 = Release|Any CPU
	EndGlobalSection
	GlobalSection(SolutionProperties) = preSolution
		HideSolutionNode = FALSE
	EndGlobalSection
	GlobalSection(ExtensibilityGlobals) = postSolution
		SolutionGuid = {DF838966-288D-4A3E-865A-7B851CBCCF41}
	EndGlobalSection
EndGlobal
